
Microsoft Visual Studio Solution File, Format Version 12.00
# Visual Studio Version 17
VisualStudioVersion = 17.6.33829.357
MinimumVisualStudioVersion = 10.0.40219.1
Project("{9A19103F-16F7-4668-BE54-9A1E7A4F7556}") = "WebShopApp", "WebShopApp\WebShopApp.csproj", "{3A1BA823-8241-4755-871C-3DC7E69131EE}"
EndProject
Project("{FAE04EC0-301F-11D3-BF4B-00C04F79EFBC}") = "WebShopApp.Infrastructure", "WebShopApp.Infrastructure\WebShopApp.Infrastructure.csproj", "{17CC20DD-8AF3-409A-BD5C-C564955DD8CF}"
EndProject
Global
	GlobalSection(SolutionConfigurationPlatforms) = preSolution
		Debug|Any CPU = Debug|Any CPU
		Release|Any CPU = Release|Any CPU
	EndGlobalSection
	GlobalSection(ProjectConfigurationPlatforms) = postSolution
		{3A1BA823-8241-4755-871C-3DC7E69131EE}.Debug|Any CPU.ActiveCfg = Debug|Any CPU
		{3A1BA823-8241-4755-871C-3DC7E69131EE}.Debug|Any CPU.Build.0 = Debug|Any CPU
		{3A1BA823-8241-4755-871C-3DC7E69131EE}.Release|Any CPU.ActiveCfg = Release|Any CPU
		{3A1BA823-8241-4755-871C-3DC7E69131EE}.Release|Any CPU.Build.0 = Release|Any CPU
		{17CC20DD-8AF3-409A-BD5C-C564955DD8CF}.Debug|Any CPU.ActiveCfg = Debug|Any CPU
		{17CC20DD-8AF3-409A-BD5C-C564955DD8CF}.Debug|Any CPU.Build.0 = Debug|Any CPU
		{17CC20DD-8AF3-409A-BD5C-C564955DD8CF}.Release|Any CPU.ActiveCfg = Release|Any CPU
		{17CC20DD-8AF3-409A-BD5C-C564955DD8CF}.Release|Any CPU.Build.0 = Release|Any CPU
	EndGlobalSection
	GlobalSection(SolutionProperties) = preSolution
		HideSolutionNode = FALSE
	EndGlobalSection
	GlobalSection(ExtensibilityGlobals) = postSolution
		SolutionGuid = {F30687D9-C47D-470D-A2E8-7FECA3D3C880}
	EndGlobalSection
EndGlobal
